
Microsoft Visual Studio Solution File, Format Version 12.00
# Visual Studio Version 17
VisualStudioVersion = 17.7.34031.279
MinimumVisualStudioVersion = 10.0.40219.1
Project("{9A19103F-16F7-4668-BE54-9A1E7A4F7556}") = "WeatherApp", "WeatherApp.csproj", "{D3EFB24E-C8C2-486E-940D-D7D3C967B5C9}"
EndProject
Global
	GlobalSection(SolutionConfigurationPlatforms) = preSolution
		Debug|Any CPU = Debug|Any CPU
		Release|Any CPU = Release|Any CPU
	EndGlobalSection
	GlobalSection(ProjectConfigurationPlatforms) = postSolution
		{D3EFB24E-C8C2-486E-940D-D7D3C967B5C9}.Debug|Any CPU.ActiveCfg = Debug|Any CPU
		{D3EFB24E-C8C2-486E-940D-D7D3C967B5C9}.Debug|Any CPU.Build.0 = Debug|Any CPU
		{D3EFB24E-C8C2-486E-940D-D7D3C967B5C9}.Release|Any CPU.ActiveCfg = Release|Any CPU
		{D3EFB24E-C8C2-486E-940D-D7D3C967B5C9}.Release|Any CPU.Build.0 = Release|Any CPU
	EndGlobalSection
	GlobalSection(SolutionProperties) = preSolution
		HideSolutionNode = FALSE
	EndGlobalSection
	GlobalSection(ExtensibilityGlobals) = postSolution
		SolutionGuid = {92095F8C-4369-400E-9E84-B28E0B76DE91}
	EndGlobalSection
EndGlobal
